// !$*UTF8*$!
{
	archiveVersion = 1;
	classes = {
	};
	objectVersion = 46;
	objects = {

/* Begin PBXBuildFile section */
		2762C7B452878681A058CB2F /* libPods.a in Frameworks */ = {isa = PBXBuildFile; fileRef = 08403C496D08203E31D536E5 /* libPods.a */; };
		8AA93D591D23DF17000C03C0 /* Main.storyboard in Resources */ = {isa = PBXBuildFile; fileRef = 8AA93D571D23DF17000C03C0 /* Main.storyboard */; };
		8AA93D5B1D23DF17000C03C0 /* Assets.xcassets in Resources */ = {isa = PBXBuildFile; fileRef = 8AA93D5A1D23DF17000C03C0 /* Assets.xcassets */; };
		8AA93D5E1D23DF17000C03C0 /* LaunchScreen.storyboard in Resources */ = {isa = PBXBuildFile; fileRef = 8AA93D5C1D23DF17000C03C0 /* LaunchScreen.storyboard */; };
		8AA93D691D23DF17000C03C0 /* The_Annoying_QuizTests.m in Sources */ = {isa = PBXBuildFile; fileRef = 8AA93D681D23DF17000C03C0 /* The_Annoying_QuizTests.m */; };
		8AA93D741D23DF17000C03C0 /* The_Annoying_QuizUITests.m in Sources */ = {isa = PBXBuildFile; fileRef = 8AA93D731D23DF17000C03C0 /* The_Annoying_QuizUITests.m */; };
		8AFBD2E81D2B65F8003FF46F /* AllQuestions.storyboard in Resources */ = {isa = PBXBuildFile; fileRef = 8AFBD2E71D2B65F8003FF46F /* AllQuestions.storyboard */; };
		8AFBD2EB1D2B877E003FF46F /* BaseViewController.m in Sources */ = {isa = PBXBuildFile; fileRef = 8AFBD2EA1D2B877E003FF46F /* BaseViewController.m */; };
		8AFBD2F11D2B8840003FF46F /* AppDelegate.m in Sources */ = {isa = PBXBuildFile; fileRef = 8AFBD2EE1D2B8840003FF46F /* AppDelegate.m */; };
		8AFBD2F21D2B8840003FF46F /* Info.plist in Resources */ = {isa = PBXBuildFile; fileRef = 8AFBD2EF1D2B8840003FF46F /* Info.plist */; };
		8AFBD2F31D2B8840003FF46F /* main.m in Sources */ = {isa = PBXBuildFile; fileRef = 8AFBD2F01D2B8840003FF46F /* main.m */; };
		8AFBD2F61D2B8D0D003FF46F /* BaseView.storyboard in Resources */ = {isa = PBXBuildFile; fileRef = 8AFBD2F51D2B8D0D003FF46F /* BaseView.storyboard */; };
		8AFBD2FA1D2B8EBA003FF46F /* Quest1ViewController.m in Sources */ = {isa = PBXBuildFile; fileRef = 8AFBD2F91D2B8EBA003FF46F /* Quest1ViewController.m */; };
		8AFDFC101D26691B0080A759 /* Launch.storyboard in Resources */ = {isa = PBXBuildFile; fileRef = 8AFDFC0B1D26691B0080A759 /* Launch.storyboard */; };
		8AFDFC111D26691B0080A759 /* LaunchAnimaViewController.m in Sources */ = {isa = PBXBuildFile; fileRef = 8AFDFC0D1D26691B0080A759 /* LaunchAnimaViewController.m */; };
		8AFDFC121D26691B0080A759 /* LaunchViewController.m in Sources */ = {isa = PBXBuildFile; fileRef = 8AFDFC0F1D26691B0080A759 /* LaunchViewController.m */; };
		8AFDFC161D2669910080A759 /* StartViewController.m in Sources */ = {isa = PBXBuildFile; fileRef = 8AFDFC151D2669910080A759 /* StartViewController.m */; };
		8AFDFC181D266A2C0080A759 /* Start.storyboard in Resources */ = {isa = PBXBuildFile; fileRef = 8AFDFC171D266A2C0080A759 /* Start.storyboard */; };
/* End PBXBuildFile section */

/* Begin PBXContainerItemProxy section */
		8AA93D651D23DF17000C03C0 /* PBXContainerItemProxy */ = {
			isa = PBXContainerItemProxy;
			containerPortal = 8AA93D431D23DF17000C03C0 /* Project object */;
			proxyType = 1;
			remoteGlobalIDString = 8AA93D4A1D23DF17000C03C0;
			remoteInfo = "The Annoying Quiz";
		};
		8AA93D701D23DF17000C03C0 /* PBXContainerItemProxy */ = {
			isa = PBXContainerItemProxy;
			containerPortal = 8AA93D431D23DF17000C03C0 /* Project object */;
			proxyType = 1;
			remoteGlobalIDString = 8AA93D4A1D23DF17000C03C0;
			remoteInfo = "The Annoying Quiz";
		};
/* End PBXContainerItemProxy section */

/* Begin PBXFileReference section */
		08403C496D08203E31D536E5 /* libPods.a */ = {isa = PBXFileReference; explicitFileType = archive.ar; includeInIndex = 0; path = libPods.a; sourceTree = BUILT_PRODUCTS_DIR; };
		2F7CE323A7E6545CEFC28327 /* Pods.release.xcconfig */ = {isa = PBXFileReference; includeInIndex = 1; lastKnownFileType = text.xcconfig; name = Pods.release.xcconfig; path = "Pods/Target Support Files/Pods/Pods.release.xcconfig"; sourceTree = "<group>"; };
		8AA93D4B1D23DF17000C03C0 /* The Annoying Quiz.app */ = {isa = PBXFileReference; explicitFileType = wrapper.application; includeInIndex = 0; path = "The Annoying Quiz.app"; sourceTree = BUILT_PRODUCTS_DIR; };
		8AA93D581D23DF17000C03C0 /* Base */ = {isa = PBXFileReference; lastKnownFileType = file.storyboard; name = Base; path = Base.lproj/Main.storyboard; sourceTree = "<group>"; };
		8AA93D5A1D23DF17000C03C0 /* Assets.xcassets */ = {isa = PBXFileReference; lastKnownFileType = folder.assetcatalog; path = Assets.xcassets; sourceTree = "<group>"; };
		8AA93D5D1D23DF17000C03C0 /* Base */ = {isa = PBXFileReference; lastKnownFileType = file.storyboard; name = Base; path = Base.lproj/LaunchScreen.storyboard; sourceTree = "<group>"; };
		8AA93D641D23DF17000C03C0 /* The Annoying QuizTests.xctest */ = {isa = PBXFileReference; explicitFileType = wrapper.cfbundle; includeInIndex = 0; path = "The Annoying QuizTests.xctest"; sourceTree = BUILT_PRODUCTS_DIR; };
		8AA93D681D23DF17000C03C0 /* The_Annoying_QuizTests.m */ = {isa = PBXFileReference; lastKnownFileType = sourcecode.c.objc; path = The_Annoying_QuizTests.m; sourceTree = "<group>"; };
		8AA93D6A1D23DF17000C03C0 /* Info.plist */ = {isa = PBXFileReference; lastKnownFileType = text.plist.xml; path = Info.plist; sourceTree = "<group>"; };
		8AA93D6F1D23DF17000C03C0 /* The Annoying QuizUITests.xctest */ = {isa = PBXFileReference; explicitFileType = wrapper.cfbundle; includeInIndex = 0; path = "The Annoying QuizUITests.xctest"; sourceTree = BUILT_PRODUCTS_DIR; };
		8AA93D731D23DF17000C03C0 /* The_Annoying_QuizUITests.m */ = {isa = PBXFileReference; lastKnownFileType = sourcecode.c.objc; path = The_Annoying_QuizUITests.m; sourceTree = "<group>"; };
		8AA93D751D23DF17000C03C0 /* Info.plist */ = {isa = PBXFileReference; lastKnownFileType = text.plist.xml; path = Info.plist; sourceTree = "<group>"; };
		8AFBD2E71D2B65F8003FF46F /* AllQuestions.storyboard */ = {isa = PBXFileReference; fileEncoding = 4; lastKnownFileType = file.storyboard; path = AllQuestions.storyboard; sourceTree = "<group>"; };
		8AFBD2E91D2B877E003FF46F /* BaseViewController.h */ = {isa = PBXFileReference; fileEncoding = 4; lastKnownFileType = sourcecode.c.h; path = BaseViewController.h; sourceTree = "<group>"; };
		8AFBD2EA1D2B877E003FF46F /* BaseViewController.m */ = {isa = PBXFileReference; fileEncoding = 4; lastKnownFileType = sourcecode.c.objc; path = BaseViewController.m; sourceTree = "<group>"; };
		8AFBD2ED1D2B8840003FF46F /* AppDelegate.h */ = {isa = PBXFileReference; fileEncoding = 4; lastKnownFileType = sourcecode.c.h; path = AppDelegate.h; sourceTree = "<group>"; };
		8AFBD2EE1D2B8840003FF46F /* AppDelegate.m */ = {isa = PBXFileReference; fileEncoding = 4; lastKnownFileType = sourcecode.c.objc; path = AppDelegate.m; sourceTree = "<group>"; };
		8AFBD2EF1D2B8840003FF46F /* Info.plist */ = {isa = PBXFileReference; fileEncoding = 4; lastKnownFileType = text.plist.xml; path = Info.plist; sourceTree = "<group>"; };
		8AFBD2F01D2B8840003FF46F /* main.m */ = {isa = PBXFileReference; fileEncoding = 4; lastKnownFileType = sourcecode.c.objc; path = main.m; sourceTree = "<group>"; };
		8AFBD2F41D2B8ADD003FF46F /* TAQ.pch */ = {isa = PBXFileReference; lastKnownFileType = sourcecode.c.h; path = TAQ.pch; sourceTree = "<group>"; };
		8AFBD2F51D2B8D0D003FF46F /* BaseView.storyboard */ = {isa = PBXFileReference; fileEncoding = 4; lastKnownFileType = file.storyboard; path = BaseView.storyboard; sourceTree = "<group>"; };
		8AFBD2F81D2B8EBA003FF46F /* Quest1ViewController.h */ = {isa = PBXFileReference; fileEncoding = 4; lastKnownFileType = sourcecode.c.h; path = Quest1ViewController.h; sourceTree = "<group>"; };
		8AFBD2F91D2B8EBA003FF46F /* Quest1ViewController.m */ = {isa = PBXFileReference; fileEncoding = 4; lastKnownFileType = sourcecode.c.objc; path = Quest1ViewController.m; sourceTree = "<group>"; };
		8AFDFC0B1D26691B0080A759 /* Launch.storyboard */ = {isa = PBXFileReference; fileEncoding = 4; lastKnownFileType = file.storyboard; path = Launch.storyboard; sourceTree = "<group>"; };
		8AFDFC0C1D26691B0080A759 /* LaunchAnimaViewController.h */ = {isa = PBXFileReference; fileEncoding = 4; lastKnownFileType = sourcecode.c.h; path = LaunchAnimaViewController.h; sourceTree = "<group>"; };
		8AFDFC0D1D26691B0080A759 /* LaunchAnimaViewController.m */ = {isa = PBXFileReference; fileEncoding = 4; lastKnownFileType = sourcecode.c.objc; path = LaunchAnimaViewController.m; sourceTree = "<group>"; };
		8AFDFC0E1D26691B0080A759 /* LaunchViewController.h */ = {isa = PBXFileReference; fileEncoding = 4; lastKnownFileType = sourcecode.c.h; path = LaunchViewController.h; sourceTree = "<group>"; };
		8AFDFC0F1D26691B0080A759 /* LaunchViewController.m */ = {isa = PBXFileReference; fileEncoding = 4; lastKnownFileType = sourcecode.c.objc; path = LaunchViewController.m; sourceTree = "<group>"; };
		8AFDFC141D2669910080A759 /* StartViewController.h */ = {isa = PBXFileReference; fileEncoding = 4; lastKnownFileType = sourcecode.c.h; path = StartViewController.h; sourceTree = "<group>"; };
		8AFDFC151D2669910080A759 /* StartViewController.m */ = {isa = PBXFileReference; fileEncoding = 4; lastKnownFileType = sourcecode.c.objc; path = StartViewController.m; sourceTree = "<group>"; };
		8AFDFC171D266A2C0080A759 /* Start.storyboard */ = {isa = PBXFileReference; fileEncoding = 4; lastKnownFileType = file.storyboard; path = Start.storyboard; sourceTree = "<group>"; };
		FC44067471F1925B6F044A79 /* Pods.debug.xcconfig */ = {isa = PBXFileReference; includeInIndex = 1; lastKnownFileType = text.xcconfig; name = Pods.debug.xcconfig; path = "Pods/Target Support Files/Pods/Pods.debug.xcconfig"; sourceTree = "<group>"; };
/* End PBXFileReference section */

/* Begin PBXFrameworksBuildPhase section */
		8AA93D481D23DF17000C03C0 /* Frameworks */ = {
			isa = PBXFrameworksBuildPhase;
			buildActionMask = 2147483647;
			files = (
				2762C7B452878681A058CB2F /* libPods.a in Frameworks */,
			);
			runOnlyForDeploymentPostprocessing = 0;
		};
		8AA93D611D23DF17000C03C0 /* Frameworks */ = {
			isa = PBXFrameworksBuildPhase;
			buildActionMask = 2147483647;
			files = (
			);
			runOnlyForDeploymentPostprocessing = 0;
		};
		8AA93D6C1D23DF17000C03C0 /* Frameworks */ = {
			isa = PBXFrameworksBuildPhase;
			buildActionMask = 2147483647;
			files = (
			);
			runOnlyForDeploymentPostprocessing = 0;
		};
/* End PBXFrameworksBuildPhase section */

/* Begin PBXGroup section */
		3A5A625693CFC203E5D0F044 /* Pods */ = {
			isa = PBXGroup;
			children = (
				FC44067471F1925B6F044A79 /* Pods.debug.xcconfig */,
				2F7CE323A7E6545CEFC28327 /* Pods.release.xcconfig */,
			);
			name = Pods;
			sourceTree = "<group>";
		};
		4E545B60D0D570FDC1AFE73F /* Frameworks */ = {
			isa = PBXGroup;
			children = (
				08403C496D08203E31D536E5 /* libPods.a */,
			);
			name = Frameworks;
			sourceTree = "<group>";
		};
		8A07A9101D2527C80045859C /* Controllers */ = {
			isa = PBXGroup;
			children = (
				8AFBD2E61D2B638A003FF46F /* Questions */,
				8AFDFC131D2669850080A759 /* Start */,
				8AFDFC0A1D26691B0080A759 /* Launch */,
				8AFBD2E91D2B877E003FF46F /* BaseViewController.h */,
				8AFBD2EA1D2B877E003FF46F /* BaseViewController.m */,
				8AFBD2F51D2B8D0D003FF46F /* BaseView.storyboard */,
			);
			path = Controllers;
			sourceTree = "<group>";
		};
		8AA93D421D23DF17000C03C0 = {
			isa = PBXGroup;
			children = (
				8AA93D4D1D23DF17000C03C0 /* The Annoying Quiz */,
				8AA93D671D23DF17000C03C0 /* The Annoying QuizTests */,
				8AA93D721D23DF17000C03C0 /* The Annoying QuizUITests */,
				8AA93D4C1D23DF17000C03C0 /* Products */,
				3A5A625693CFC203E5D0F044 /* Pods */,
				4E545B60D0D570FDC1AFE73F /* Frameworks */,
			);
			sourceTree = "<group>";
		};
		8AA93D4C1D23DF17000C03C0 /* Products */ = {
			isa = PBXGroup;
			children = (
				8AA93D4B1D23DF17000C03C0 /* The Annoying Quiz.app */,
				8AA93D641D23DF17000C03C0 /* The Annoying QuizTests.xctest */,
				8AA93D6F1D23DF17000C03C0 /* The Annoying QuizUITests.xctest */,
			);
			name = Products;
			sourceTree = "<group>";
		};
		8AA93D4D1D23DF17000C03C0 /* The Annoying Quiz */ = {
			isa = PBXGroup;
			children = (
				8AFBD2EC1D2B87FE003FF46F /* Application */,
				8A07A9101D2527C80045859C /* Controllers */,
				8AA93D5A1D23DF17000C03C0 /* Assets.xcassets */,
				8AA93D571D23DF17000C03C0 /* Main.storyboard */,
				8AA93D5C1D23DF17000C03C0 /* LaunchScreen.storyboard */,
			);
			path = "The Annoying Quiz";
			sourceTree = "<group>";
		};
		8AA93D671D23DF17000C03C0 /* The Annoying QuizTests */ = {
			isa = PBXGroup;
			children = (
				8AA93D681D23DF17000C03C0 /* The_Annoying_QuizTests.m */,
				8AA93D6A1D23DF17000C03C0 /* Info.plist */,
			);
			path = "The Annoying QuizTests";
			sourceTree = "<group>";
		};
		8AA93D721D23DF17000C03C0 /* The Annoying QuizUITests */ = {
			isa = PBXGroup;
			children = (
				8AA93D731D23DF17000C03C0 /* The_Annoying_QuizUITests.m */,
				8AA93D751D23DF17000C03C0 /* Info.plist */,
			);
			path = "The Annoying QuizUITests";
			sourceTree = "<group>";
		};
		8AFBD2E61D2B638A003FF46F /* Questions */ = {
			isa = PBXGroup;
			children = (
				8AFBD2E71D2B65F8003FF46F /* AllQuestions.storyboard */,
				8AFBD2F71D2B8E96003FF46F /* Quest1 */,
			);
			path = Questions;
			sourceTree = "<group>";
		};
		8AFBD2EC1D2B87FE003FF46F /* Application */ = {
			isa = PBXGroup;
			children = (
				8AFBD2ED1D2B8840003FF46F /* AppDelegate.h */,
				8AFBD2EE1D2B8840003FF46F /* AppDelegate.m */,
				8AFBD2EF1D2B8840003FF46F /* Info.plist */,
				8AFBD2F01D2B8840003FF46F /* main.m */,
				8AFBD2F41D2B8ADD003FF46F /* TAQ.pch */,
			);
			path = Application;
			sourceTree = "<group>";
		};
		8AFBD2F71D2B8E96003FF46F /* Quest1 */ = {
			isa = PBXGroup;
			children = (
				8AFBD2F81D2B8EBA003FF46F /* Quest1ViewController.h */,
				8AFBD2F91D2B8EBA003FF46F /* Quest1ViewController.m */,
			);
			path = Quest1;
			sourceTree = "<group>";
		};
		8AFDFC0A1D26691B0080A759 /* Launch */ = {
			isa = PBXGroup;
			children = (
				8AFDFC0B1D26691B0080A759 /* Launch.storyboard */,
				8AFDFC0C1D26691B0080A759 /* LaunchAnimaViewController.h */,
				8AFDFC0D1D26691B0080A759 /* LaunchAnimaViewController.m */,
				8AFDFC0E1D26691B0080A759 /* LaunchViewController.h */,
				8AFDFC0F1D26691B0080A759 /* LaunchViewController.m */,
			);
			path = Launch;
			sourceTree = "<group>";
		};
		8AFDFC131D2669850080A759 /* Start */ = {
			isa = PBXGroup;
			children = (
				8AFDFC141D2669910080A759 /* StartViewController.h */,
				8AFDFC151D2669910080A759 /* StartViewController.m */,
				8AFDFC171D266A2C0080A759 /* Start.storyboard */,
			);
			path = Start;
			sourceTree = "<group>";
		};
/* End PBXGroup section */

/* Begin PBXNativeTarget section */
		8AA93D4A1D23DF17000C03C0 /* The Annoying Quiz */ = {
			isa = PBXNativeTarget;
			buildConfigurationList = 8AA93D781D23DF17000C03C0 /* Build configuration list for PBXNativeTarget "The Annoying Quiz" */;
			buildPhases = (
				E1FA49BC16C2A7C831DAE6D6 /* Check Pods Manifest.lock */,
				8AA93D471D23DF17000C03C0 /* Sources */,
				8AA93D481D23DF17000C03C0 /* Frameworks */,
				8AA93D491D23DF17000C03C0 /* Resources */,
				805D7E1661142407B8656172 /* Embed Pods Frameworks */,
				D282C539EF6A0E16A843D55F /* Copy Pods Resources */,
			);
			buildRules = (
			);
			dependencies = (
			);
			name = "The Annoying Quiz";
			productName = "The Annoying Quiz";
			productReference = 8AA93D4B1D23DF17000C03C0 /* The Annoying Quiz.app */;
			productType = "com.apple.product-type.application";
		};
		8AA93D631D23DF17000C03C0 /* The Annoying QuizTests */ = {
			isa = PBXNativeTarget;
			buildConfigurationList = 8AA93D7B1D23DF17000C03C0 /* Build configuration list for PBXNativeTarget "The Annoying QuizTests" */;
			buildPhases = (
				8AA93D601D23DF17000C03C0 /* Sources */,
				8AA93D611D23DF17000C03C0 /* Frameworks */,
				8AA93D621D23DF17000C03C0 /* Resources */,
			);
			buildRules = (
			);
			dependencies = (
				8AA93D661D23DF17000C03C0 /* PBXTargetDependency */,
			);
			name = "The Annoying QuizTests";
			productName = "The Annoying QuizTests";
			productReference = 8AA93D641D23DF17000C03C0 /* The Annoying QuizTests.xctest */;
			productType = "com.apple.product-type.bundle.unit-test";
		};
		8AA93D6E1D23DF17000C03C0 /* The Annoying QuizUITests */ = {
			isa = PBXNativeTarget;
			buildConfigurationList = 8AA93D7E1D23DF17000C03C0 /* Build configuration list for PBXNativeTarget "The Annoying QuizUITests" */;
			buildPhases = (
				8AA93D6B1D23DF17000C03C0 /* Sources */,
				8AA93D6C1D23DF17000C03C0 /* Frameworks */,
				8AA93D6D1D23DF17000C03C0 /* Resources */,
			);
			buildRules = (
			);
			dependencies = (
				8AA93D711D23DF17000C03C0 /* PBXTargetDependency */,
			);
			name = "The Annoying QuizUITests";
			productName = "The Annoying QuizUITests";
			productReference = 8AA93D6F1D23DF17000C03C0 /* The Annoying QuizUITests.xctest */;
			productType = "com.apple.product-type.bundle.ui-testing";
		};
/* End PBXNativeTarget section */

/* Begin PBXProject section */
		8AA93D431D23DF17000C03C0 /* Project object */ = {
			isa = PBXProject;
			attributes = {
				LastUpgradeCheck = 0730;
				ORGANIZATIONNAME = "黄聪";
				TargetAttributes = {
					8AA93D4A1D23DF17000C03C0 = {
						CreatedOnToolsVersion = 7.3.1;
					};
					8AA93D631D23DF17000C03C0 = {
						CreatedOnToolsVersion = 7.3.1;
						TestTargetID = 8AA93D4A1D23DF17000C03C0;
					};
					8AA93D6E1D23DF17000C03C0 = {
						CreatedOnToolsVersion = 7.3.1;
						TestTargetID = 8AA93D4A1D23DF17000C03C0;
					};
				};
			};
			buildConfigurationList = 8AA93D461D23DF17000C03C0 /* Build configuration list for PBXProject "The Annoying Quiz" */;
			compatibilityVersion = "Xcode 3.2";
			developmentRegion = English;
			hasScannedForEncodings = 0;
			knownRegions = (
				en,
				Base,
			);
			mainGroup = 8AA93D421D23DF17000C03C0;
			productRefGroup = 8AA93D4C1D23DF17000C03C0 /* Products */;
			projectDirPath = "";
			projectRoot = "";
			targets = (
				8AA93D4A1D23DF17000C03C0 /* The Annoying Quiz */,
				8AA93D631D23DF17000C03C0 /* The Annoying QuizTests */,
				8AA93D6E1D23DF17000C03C0 /* The Annoying QuizUITests */,
			);
		};
/* End PBXProject section */

/* Begin PBXResourcesBuildPhase section */
		8AA93D491D23DF17000C03C0 /* Resources */ = {
			isa = PBXResourcesBuildPhase;
			buildActionMask = 2147483647;
			files = (
				8AFBD2F61D2B8D0D003FF46F /* BaseView.storyboard in Resources */,
				8AA93D5E1D23DF17000C03C0 /* LaunchScreen.storyboard in Resources */,
				8AA93D5B1D23DF17000C03C0 /* Assets.xcassets in Resources */,
				8AFDFC181D266A2C0080A759 /* Start.storyboard in Resources */,
				8AA93D591D23DF17000C03C0 /* Main.storyboard in Resources */,
				8AFBD2E81D2B65F8003FF46F /* AllQuestions.storyboard in Resources */,
				8AFDFC101D26691B0080A759 /* Launch.storyboard in Resources */,
				8AFBD2F21D2B8840003FF46F /* Info.plist in Resources */,
			);
			runOnlyForDeploymentPostprocessing = 0;
		};
		8AA93D621D23DF17000C03C0 /* Resources */ = {
			isa = PBXResourcesBuildPhase;
			buildActionMask = 2147483647;
			files = (
			);
			runOnlyForDeploymentPostprocessing = 0;
		};
		8AA93D6D1D23DF17000C03C0 /* Resources */ = {
			isa = PBXResourcesBuildPhase;
			buildActionMask = 2147483647;
			files = (
			);
			runOnlyForDeploymentPostprocessing = 0;
		};
/* End PBXResourcesBuildPhase section */

/* Begin PBXShellScriptBuildPhase section */
		805D7E1661142407B8656172 /* Embed Pods Frameworks */ = {
			isa = PBXShellScriptBuildPhase;
			buildActionMask = 2147483647;
			files = (
			);
			inputPaths = (
			);
			name = "Embed Pods Frameworks";
			outputPaths = (
			);
			runOnlyForDeploymentPostprocessing = 0;
			shellPath = /bin/sh;
			shellScript = "\"${SRCROOT}/Pods/Target Support Files/Pods/Pods-frameworks.sh\"\n";
			showEnvVarsInLog = 0;
		};
		D282C539EF6A0E16A843D55F /* Copy Pods Resources */ = {
			isa = PBXShellScriptBuildPhase;
			buildActionMask = 2147483647;
			files = (
			);
			inputPaths = (
			);
			name = "Copy Pods Resources";
			outputPaths = (
			);
			runOnlyForDeploymentPostprocessing = 0;
			shellPath = /bin/sh;
			shellScript = "\"${SRCROOT}/Pods/Target Support Files/Pods/Pods-resources.sh\"\n";
			showEnvVarsInLog = 0;
		};
		E1FA49BC16C2A7C831DAE6D6 /* Check Pods Manifest.lock */ = {
			isa = PBXShellScriptBuildPhase;
			buildActionMask = 2147483647;
			files = (
			);
			inputPaths = (
			);
			name = "Check Pods Manifest.lock";
			outputPaths = (
			);
			runOnlyForDeploymentPostprocessing = 0;
			shellPath = /bin/sh;
			shellScript = "diff \"${PODS_ROOT}/../Podfile.lock\" \"${PODS_ROOT}/Manifest.lock\" > /dev/null\nif [[ $? != 0 ]] ; then\n    cat << EOM\nerror: The sandbox is not in sync with the Podfile.lock. Run 'pod install' or update your CocoaPods installation.\nEOM\n    exit 1\nfi\n";
			showEnvVarsInLog = 0;
		};
/* End PBXShellScriptBuildPhase section */

/* Begin PBXSourcesBuildPhase section */
		8AA93D471D23DF17000C03C0 /* Sources */ = {
			isa = PBXSourcesBuildPhase;
			buildActionMask = 2147483647;
			files = (
				8AFBD2EB1D2B877E003FF46F /* BaseViewController.m in Sources */,
				8AFDFC161D2669910080A759 /* StartViewController.m in Sources */,
				8AFDFC111D26691B0080A759 /* LaunchAnimaViewController.m in Sources */,
				8AFDFC121D26691B0080A759 /* LaunchViewController.m in Sources */,
				8AFBD2F31D2B8840003FF46F /* main.m in Sources */,
				8AFBD2FA1D2B8EBA003FF46F /* Quest1ViewController.m in Sources */,
				8AFBD2F11D2B8840003FF46F /* AppDelegate.m in Sources */,
			);
			runOnlyForDeploymentPostprocessing = 0;
		};
		8AA93D601D23DF17000C03C0 /* Sources */ = {
			isa = PBXSourcesBuildPhase;
			buildActionMask = 2147483647;
			files = (
				8AA93D691D23DF17000C03C0 /* The_Annoying_QuizTests.m in Sources */,
			);
			runOnlyForDeploymentPostprocessing = 0;
		};
		8AA93D6B1D23DF17000C03C0 /* Sources */ = {
			isa = PBXSourcesBuildPhase;
			buildActionMask = 2147483647;
			files = (
				8AA93D741D23DF17000C03C0 /* The_Annoying_QuizUITests.m in Sources */,
			);
			runOnlyForDeploymentPostprocessing = 0;
		};
/* End PBXSourcesBuildPhase section */

/* Begin PBXTargetDependency section */
		8AA93D661D23DF17000C03C0 /* PBXTargetDependency */ = {
			isa = PBXTargetDependency;
			target = 8AA93D4A1D23DF17000C03C0 /* The Annoying Quiz */;
			targetProxy = 8AA93D651D23DF17000C03C0 /* PBXContainerItemProxy */;
		};
		8AA93D711D23DF17000C03C0 /* PBXTargetDependency */ = {
			isa = PBXTargetDependency;
			target = 8AA93D4A1D23DF17000C03C0 /* The Annoying Quiz */;
			targetProxy = 8AA93D701D23DF17000C03C0 /* PBXContainerItemProxy */;
		};
/* End PBXTargetDependency section */

/* Begin PBXVariantGroup section */
		8AA93D571D23DF17000C03C0 /* Main.storyboard */ = {
			isa = PBXVariantGroup;
			children = (
				8AA93D581D23DF17000C03C0 /* Base */,
			);
			name = Main.storyboard;
			sourceTree = "<group>";
		};
		8AA93D5C1D23DF17000C03C0 /* LaunchScreen.storyboard */ = {
			isa = PBXVariantGroup;
			children = (
				8AA93D5D1D23DF17000C03C0 /* Base */,
			);
			name = LaunchScreen.storyboard;
			sourceTree = "<group>";
		};
/* End PBXVariantGroup section */

/* Begin XCBuildConfiguration section */
		8AA93D761D23DF17000C03C0 /* Debug */ = {
			isa = XCBuildConfiguration;
			buildSettings = {
				ALWAYS_SEARCH_USER_PATHS = NO;
				CLANG_ANALYZER_NONNULL = YES;
				CLANG_CXX_LANGUAGE_STANDARD = "gnu++0x";
				CLANG_CXX_LIBRARY = "libc++";
				CLANG_ENABLE_MODULES = YES;
				CLANG_ENABLE_OBJC_ARC = YES;
				CLANG_WARN_BOOL_CONVERSION = YES;
				CLANG_WARN_CONSTANT_CONVERSION = YES;
				CLANG_WARN_DIRECT_OBJC_ISA_USAGE = YES_ERROR;
				CLANG_WARN_EMPTY_BODY = YES;
				CLANG_WARN_ENUM_CONVERSION = YES;
				CLANG_WARN_INT_CONVERSION = YES;
				CLANG_WARN_OBJC_ROOT_CLASS = YES_ERROR;
				CLANG_WARN_UNREACHABLE_CODE = YES;
				CLANG_WARN__DUPLICATE_METHOD_MATCH = YES;
				"CODE_SIGN_IDENTITY[sdk=iphoneos*]" = "iPhone Developer";
				COPY_PHASE_STRIP = NO;
				DEBUG_INFORMATION_FORMAT = dwarf;
				ENABLE_STRICT_OBJC_MSGSEND = YES;
				ENABLE_TESTABILITY = YES;
				GCC_C_LANGUAGE_STANDARD = gnu99;
				GCC_DYNAMIC_NO_PIC = NO;
				GCC_NO_COMMON_BLOCKS = YES;
				GCC_OPTIMIZATION_LEVEL = 0;
				GCC_PREFIX_HEADER = "$(SRCROOT)/The Annoying Quiz/Application/TAQ.pch";
				GCC_PREPROCESSOR_DEFINITIONS = (
					"DEBUG=1",
					"$(inherited)",
				);
				GCC_WARN_64_TO_32_BIT_CONVERSION = YES;
				GCC_WARN_ABOUT_RETURN_TYPE = YES_ERROR;
				GCC_WARN_UNDECLARED_SELECTOR = YES;
				GCC_WARN_UNINITIALIZED_AUTOS = YES_AGGRESSIVE;
				GCC_WARN_UNUSED_FUNCTION = YES;
				GCC_WARN_UNUSED_VARIABLE = YES;
				INFOPLIST_FILE = "";
				IPHONEOS_DEPLOYMENT_TARGET = 7.0;
				MTL_ENABLE_DEBUG_INFO = YES;
				ONLY_ACTIVE_ARCH = YES;
				SDKROOT = iphoneos;
				TARGETED_DEVICE_FAMILY = "1,2";
			};
			name = Debug;
		};
		8AA93D771D23DF17000C03C0 /* Release */ = {
			isa = XCBuildConfiguration;
			buildSettings = {
				ALWAYS_SEARCH_USER_PATHS = NO;
				CLANG_ANALYZER_NONNULL = YES;
				CLANG_CXX_LANGUAGE_STANDARD = "gnu++0x";
				CLANG_CXX_LIBRARY = "libc++";
				CLANG_ENABLE_MODULES = YES;
				CLANG_ENABLE_OBJC_ARC = YES;
				CLANG_WARN_BOOL_CONVERSION = YES;
				CLANG_WARN_CONSTANT_CONVERSION = YES;
				CLANG_WARN_DIRECT_OBJC_ISA_USAGE = YES_ERROR;
				CLANG_WARN_EMPTY_BODY = YES;
				CLANG_WARN_ENUM_CONVERSION = YES;
				CLANG_WARN_INT_CONVERSION = YES;
				CLANG_WARN_OBJC_ROOT_CLASS = YES_ERROR;
				CLANG_WARN_UNREACHABLE_CODE = YES;
				CLANG_WARN__DUPLICATE_METHOD_MATCH = YES;
				"CODE_SIGN_IDENTITY[sdk=iphoneos*]" = "iPhone Developer";
				COPY_PHASE_STRIP = NO;
				DEBUG_INFORMATION_FORMAT = "dwarf-with-dsym";
				ENABLE_NS_ASSERTIONS = NO;
				ENABLE_STRICT_OBJC_MSGSEND = YES;
				GCC_C_LANGUAGE_STANDARD = gnu99;
				GCC_NO_COMMON_BLOCKS = YES;
				GCC_PREFIX_HEADER = "$(SRCROOT)/The Annoying Quiz/Application/TAQ.pch";
				GCC_WARN_64_TO_32_BIT_CONVERSION = YES;
				GCC_WARN_ABOUT_RETURN_TYPE = YES_ERROR;
				GCC_WARN_UNDECLARED_SELECTOR = YES;
				GCC_WARN_UNINITIALIZED_AUTOS = YES_AGGRESSIVE;
				GCC_WARN_UNUSED_FUNCTION = YES;
				GCC_WARN_UNUSED_VARIABLE = YES;
				INFOPLIST_FILE = "";
				IPHONEOS_DEPLOYMENT_TARGET = 7.0;
				MTL_ENABLE_DEBUG_INFO = NO;
				SDKROOT = iphoneos;
				TARGETED_DEVICE_FAMILY = "1,2";
				VALIDATE_PRODUCT = YES;
			};
			name = Release;
		};
		8AA93D791D23DF17000C03C0 /* Debug */ = {
			isa = XCBuildConfiguration;
			baseConfigurationReference = FC44067471F1925B6F044A79 /* Pods.debug.xcconfig */;
			buildSettings = {
				ASSETCATALOG_COMPILER_APPICON_NAME = AppIcon;
				CODE_SIGN_IDENTITY = "iPhone Developer";
				INFOPLIST_FILE = "";
				IPHONEOS_DEPLOYMENT_TARGET = 9.3;
				LD_RUNPATH_SEARCH_PATHS = "$(inherited) @executable_path/Frameworks";
				PRODUCT_BUNDLE_IDENTIFIER = "vergil.The-Annoying-Quiz";
				PRODUCT_NAME = "$(TARGET_NAME)";
				TARGETED_DEVICE_FAMILY = "1,2";
			};
			name = Debug;
		};
		8AA93D7A1D23DF17000C03C0 /* Release */ = {
			isa = XCBuildConfiguration;
			baseConfigurationReference = 2F7CE323A7E6545CEFC28327 /* Pods.release.xcconfig */;
			buildSettings = {
				ASSETCATALOG_COMPILER_APPICON_NAME = AppIcon;
				CODE_SIGN_IDENTITY = "iPhone Developer";
				INFOPLIST_FILE = "";
				IPHONEOS_DEPLOYMENT_TARGET = 9.3;
				LD_RUNPATH_SEARCH_PATHS = "$(inherited) @executable_path/Frameworks";
				PRODUCT_BUNDLE_IDENTIFIER = "vergil.The-Annoying-Quiz";
				PRODUCT_NAME = "$(TARGET_NAME)";
				TARGETED_DEVICE_FAMILY = "1,2";
			};
			name = Release;
		};
		8AA93D7C1D23DF17000C03C0 /* Debug */ = {
			isa = XCBuildConfiguration;
			buildSettings = {
				BUNDLE_LOADER = "$(TEST_HOST)";
				INFOPLIST_FILE = "The Annoying QuizTests/Info.plist";
				LD_RUNPATH_SEARCH_PATHS = "$(inherited) @executable_path/Frameworks @loader_path/Frameworks";
				PRODUCT_BUNDLE_IDENTIFIER = "vergil.The-Annoying-QuizTests";
				PRODUCT_NAME = "$(TARGET_NAME)";
				TEST_HOST = "$(BUILT_PRODUCTS_DIR)/The Annoying Quiz.app/The Annoying Quiz";
			};
			name = Debug;
		};
		8AA93D7D1D23DF17000C03C0 /* Release */ = {
			isa = XCBuildConfiguration;
			buildSettings = {
				BUNDLE_LOADER = "$(TEST_HOST)";
				INFOPLIST_FILE = "The Annoying QuizTests/Info.plist";
				LD_RUNPATH_SEARCH_PATHS = "$(inherited) @executable_path/Frameworks @loader_path/Frameworks";
				PRODUCT_BUNDLE_IDENTIFIER = "vergil.The-Annoying-QuizTests";
				PRODUCT_NAME = "$(TARGET_NAME)";
				TEST_HOST = "$(BUILT_PRODUCTS_DIR)/The Annoying Quiz.app/The Annoying Quiz";
			};
			name = Release;
		};
		8AA93D7F1D23DF17000C03C0 /* Debug */ = {
			isa = XCBuildConfiguration;
			buildSettings = {
				INFOPLIST_FILE = "The Annoying QuizUITests/Info.plist";
				LD_RUNPATH_SEARCH_PATHS = "$(inherited) @executable_path/Frameworks @loader_path/Frameworks";
				PRODUCT_BUNDLE_IDENTIFIER = "vergil.The-Annoying-QuizUITests";
				PRODUCT_NAME = "$(TARGET_NAME)";
				TEST_TARGET_NAME = "The Annoying Quiz";
			};
			name = Debug;
		};
		8AA93D801D23DF17000C03C0 /* Release */ = {
			isa = XCBuildConfiguration;
			buildSettings = {
				INFOPLIST_FILE = "The Annoying QuizUITests/Info.plist";
				LD_RUNPATH_SEARCH_PATHS = "$(inherited) @executable_path/Frameworks @loader_path/Frameworks";
				PRODUCT_BUNDLE_IDENTIFIER = "vergil.The-Annoying-QuizUITests";
				PRODUCT_NAME = "$(TARGET_NAME)";
				TEST_TARGET_NAME = "The Annoying Quiz";
			};
			name = Release;
		};
/* End XCBuildConfiguration section */

/* Begin XCConfigurationList section */
		8AA93D461D23DF17000C03C0 /* Build configuration list for PBXProject "The Annoying Quiz" */ = {
			isa = XCConfigurationList;
			buildConfigurations = (
				8AA93D761D23DF17000C03C0 /* Debug */,
				8AA93D771D23DF17000C03C0 /* Release */,
			);
			defaultConfigurationIsVisible = 0;
			defaultConfigurationName = Release;
		};
		8AA93D781D23DF17000C03C0 /* Build configuration list for PBXNativeTarget "The Annoying Quiz" */ = {
			isa = XCConfigurationList;
			buildConfigurations = (
				8AA93D791D23DF17000C03C0 /* Debug */,
				8AA93D7A1D23DF17000C03C0 /* Release */,
			);
			defaultConfigurationIsVisible = 0;
			defaultConfigurationName = Release;
		};
		8AA93D7B1D23DF17000C03C0 /* Build configuration list for PBXNativeTarget "The Annoying QuizTests" */ = {
			isa = XCConfigurationList;
			buildConfigurations = (
				8AA93D7C1D23DF17000C03C0 /* Debug */,
				8AA93D7D1D23DF17000C03C0 /* Release */,
			);
			defaultConfigurationIsVisible = 0;
			defaultConfigurationName = Release;
		};
		8AA93D7E1D23DF17000C03C0 /* Build configuration list for PBXNativeTarget "The Annoying QuizUITests" */ = {
			isa = XCConfigurationList;
			buildConfigurations = (
				8AA93D7F1D23DF17000C03C0 /* Debug */,
				8AA93D801D23DF17000C03C0 /* Release */,
			);
			defaultConfigurationIsVisible = 0;
			defaultConfigurationName = Release;
		};
/* End XCConfigurationList section */
	};
	rootObject = 8AA93D431D23DF17000C03C0 /* Project object */;
}
